// !$*UTF8*$!
{
	archiveVersion = 1;
	classes = {
	};
	objectVersion = 56;
	objects = {

/* Begin PBXBuildFile section */
		AA7EC2AB2D3CB240002558A0 /* A103_SwiftUI_Apple_Photos_App_Transition_iOS_17App.swift in Sources */ = {isa = PBXBuildFile; fileRef = AA7EC2AA2D3CB240002558A0 /* A103_SwiftUI_Apple_Photos_App_Transition_iOS_17App.swift */; };
		AA7EC2AD2D3CB240002558A0 /* ContentView.swift in Sources */ = {isa = PBXBuildFile; fileRef = AA7EC2AC2D3CB240002558A0 /* ContentView.swift */; };
		AA7EC2AF2D3CB241002558A0 /* Assets.xcassets in Resources */ = {isa = PBXBuildFile; fileRef = AA7EC2AE2D3CB241002558A0 /* Assets.xcassets */; };
		AA7EC2B22D3CB241002558A0 /* Preview Assets.xcassets in Resources */ = {isa = PBXBuildFile; fileRef = AA7EC2B12D3CB241002558A0 /* Preview Assets.xcassets */; };
		AA7EC2BC2D3CB241002558A0 /* A103_SwiftUI_Apple_Photos_App_Transition_iOS_17Tests.swift in Sources */ = {isa = PBXBuildFile; fileRef = AA7EC2BB2D3CB241002558A0 /* A103_SwiftUI_Apple_Photos_App_Transition_iOS_17Tests.swift */; };
		AA7EC2C62D3CB241002558A0 /* A103_SwiftUI_Apple_Photos_App_Transition_iOS_17UITests.swift in Sources */ = {isa = PBXBuildFile; fileRef = AA7EC2C52D3CB241002558A0 /* A103_SwiftUI_Apple_Photos_App_Transition_iOS_17UITests.swift */; };
		AA7EC2C82D3CB241002558A0 /* A103_SwiftUI_Apple_Photos_App_Transition_iOS_17UITestsLaunchTests.swift in Sources */ = {isa = PBXBuildFile; fileRef = AA7EC2C72D3CB241002558A0 /* A103_SwiftUI_Apple_Photos_App_Transition_iOS_17UITestsLaunchTests.swift */; };
/* End PBXBuildFile section */

/* Begin PBXContainerItemProxy section */
		AA7EC2B82D3CB241002558A0 /* PBXContainerItemProxy */ = {
			isa = PBXContainerItemProxy;
			containerPortal = AA7EC29F2D3CB240002558A0 /* Project object */;
			proxyType = 1;
			remoteGlobalIDString = AA7EC2A62D3CB240002558A0;
			remoteInfo = "A103.SwiftUI Apple Photos App Transition-iOS 17";
		};
		AA7EC2C22D3CB241002558A0 /* PBXContainerItemProxy */ = {
			isa = PBXContainerItemProxy;
			containerPortal = AA7EC29F2D3CB240002558A0 /* Project object */;
			proxyType = 1;
			remoteGlobalIDString = AA7EC2A62D3CB240002558A0;
			remoteInfo = "A103.SwiftUI Apple Photos App Transition-iOS 17";
		};
/* End PBXContainerItemProxy section */

/* Begin PBXFileReference section */
		AA7EC2A72D3CB240002558A0 /* A103.SwiftUI Apple Photos App Transition-iOS 17.app */ = {isa = PBXFileReference; explicitFileType = wrapper.application; includeInIndex = 0; path = "A103.SwiftUI Apple Photos App Transition-iOS 17.app"; sourceTree = BUILT_PRODUCTS_DIR; };
		AA7EC2AA2D3CB240002558A0 /* A103_SwiftUI_Apple_Photos_App_Transition_iOS_17App.swift */ = {isa = PBXFileReference; lastKnownFileType = sourcecode.swift; path = A103_SwiftUI_Apple_Photos_App_Transition_iOS_17App.swift; sourceTree = "<group>"; };
		AA7EC2AC2D3CB240002558A0 /* ContentView.swift */ = {isa = PBXFileReference; lastKnownFileType = sourcecode.swift; path = ContentView.swift; sourceTree = "<group>"; };
		AA7EC2AE2D3CB241002558A0 /* Assets.xcassets */ = {isa = PBXFileReference; lastKnownFileType = folder.assetcatalog; path = Assets.xcassets; sourceTree = "<group>"; };
		AA7EC2B12D3CB241002558A0 /* Preview Assets.xcassets */ = {isa = PBXFileReference; lastKnownFileType = folder.assetcatalog; path = "Preview Assets.xcassets"; sourceTree = "<group>"; };
		AA7EC2B72D3CB241002558A0 /* A103.SwiftUI Apple Photos App Transition-iOS 17Tests.xctest */ = {isa = PBXFileReference; explicitFileType = wrapper.cfbundle; includeInIndex = 0; path = "A103.SwiftUI Apple Photos App Transition-iOS 17Tests.xctest"; sourceTree = BUILT_PRODUCTS_DIR; };
		AA7EC2BB2D3CB241002558A0 /* A103_SwiftUI_Apple_Photos_App_Transition_iOS_17Tests.swift */ = {isa = PBXFileReference; lastKnownFileType = sourcecode.swift; path = A103_SwiftUI_Apple_Photos_App_Transition_iOS_17Tests.swift; sourceTree = "<group>"; };
		AA7EC2C12D3CB241002558A0 /* A103.SwiftUI Apple Photos App Transition-iOS 17UITests.xctest */ = {isa = PBXFileReference; explicitFileType = wrapper.cfbundle; includeInIndex = 0; path = "A103.SwiftUI Apple Photos App Transition-iOS 17UITests.xctest"; sourceTree = BUILT_PRODUCTS_DIR; };
		AA7EC2C52D3CB241002558A0 /* A103_SwiftUI_Apple_Photos_App_Transition_iOS_17UITests.swift */ = {isa = PBXFileReference; lastKnownFileType = sourcecode.swift; path = A103_SwiftUI_Apple_Photos_App_Transition_iOS_17UITests.swift; sourceTree = "<group>"; };
		AA7EC2C72D3CB241002558A0 /* A103_SwiftUI_Apple_Photos_App_Transition_iOS_17UITestsLaunchTests.swift */ = {isa = PBXFileReference; lastKnownFileType = sourcecode.swift; path = A103_SwiftUI_Apple_Photos_App_Transition_iOS_17UITestsLaunchTests.swift; sourceTree = "<group>"; };
/* End PBXFileReference section */

/* Begin PBXFrameworksBuildPhase section */
		AA7EC2A42D3CB240002558A0 /* Frameworks */ = {
			isa = PBXFrameworksBuildPhase;
			buildActionMask = 2147483647;
			files = (
			);
			runOnlyForDeploymentPostprocessing = 0;
		};
		AA7EC2B42D3CB241002558A0 /* Frameworks */ = {
			isa = PBXFrameworksBuildPhase;
			buildActionMask = 2147483647;
			files = (
			);
			runOnlyForDeploymentPostprocessing = 0;
		};
		AA7EC2BE2D3CB241002558A0 /* Frameworks */ = {
			isa = PBXFrameworksBuildPhase;
			buildActionMask = 2147483647;
			files = (
			);
			runOnlyForDeploymentPostprocessing = 0;
		};
/* End PBXFrameworksBuildPhase section */

/* Begin PBXGroup section */
		AA7EC29E2D3CB240002558A0 = {
			isa = PBXGroup;
			children = (
				AA7EC2A92D3CB240002558A0 /* A103.SwiftUI Apple Photos App Transition-iOS 17 */,
				AA7EC2BA2D3CB241002558A0 /* A103.SwiftUI Apple Photos App Transition-iOS 17Tests */,
				AA7EC2C42D3CB241002558A0 /* A103.SwiftUI Apple Photos App Transition-iOS 17UITests */,
				AA7EC2A82D3CB240002558A0 /* Products */,
			);
			sourceTree = "<group>";
		};
		AA7EC2A82D3CB240002558A0 /* Products */ = {
			isa = PBXGroup;
			children = (
				AA7EC2A72D3CB240002558A0 /* A103.SwiftUI Apple Photos App Transition-iOS 17.app */,
				AA7EC2B72D3CB241002558A0 /* A103.SwiftUI Apple Photos App Transition-iOS 17Tests.xctest */,
				AA7EC2C12D3CB241002558A0 /* A103.SwiftUI Apple Photos App Transition-iOS 17UITests.xctest */,
			);
			name = Products;
			sourceTree = "<group>";
		};
		AA7EC2A92D3CB240002558A0 /* A103.SwiftUI Apple Photos App Transition-iOS 17 */ = {
			isa = PBXGroup;
			children = (
				AA7EC2AA2D3CB240002558A0 /* A103_SwiftUI_Apple_Photos_App_Transition_iOS_17App.swift */,
				AA7EC2AC2D3CB240002558A0 /* ContentView.swift */,
				AA7EC2AE2D3CB241002558A0 /* Assets.xcassets */,
				AA7EC2B02D3CB241002558A0 /* Preview Content */,
			);
			path = "A103.SwiftUI Apple Photos App Transition-iOS 17";
			sourceTree = "<group>";
		};
		AA7EC2B02D3CB241002558A0 /* Preview Content */ = {
			isa = PBXGroup;
			children = (
				AA7EC2B12D3CB241002558A0 /* Preview Assets.xcassets */,
			);
			path = "Preview Content";
			sourceTree = "<group>";
		};
		AA7EC2BA2D3CB241002558A0 /* A103.SwiftUI Apple Photos App Transition-iOS 17Tests */ = {
			isa = PBXGroup;
			children = (
				AA7EC2BB2D3CB241002558A0 /* A103_SwiftUI_Apple_Photos_App_Transition_iOS_17Tests.swift */,
			);
			path = "A103.SwiftUI Apple Photos App Transition-iOS 17Tests";
			sourceTree = "<group>";
		};
		AA7EC2C42D3CB241002558A0 /* A103.SwiftUI Apple Photos App Transition-iOS 17UITests */ = {
			isa = PBXGroup;
			children = (
				AA7EC2C52D3CB241002558A0 /* A103_SwiftUI_Apple_Photos_App_Transition_iOS_17UITests.swift */,
				AA7EC2C72D3CB241002558A0 /* A103_SwiftUI_Apple_Photos_App_Transition_iOS_17UITestsLaunchTests.swift */,
			);
			path = "A103.SwiftUI Apple Photos App Transition-iOS 17UITests";
			sourceTree = "<group>";
		};
/* End PBXGroup section */

/* Begin PBXNativeTarget section */
		AA7EC2A62D3CB240002558A0 /* A103.SwiftUI Apple Photos App Transition-iOS 17 */ = {
			isa = PBXNativeTarget;
			buildConfigurationList = AA7EC2CB2D3CB241002558A0 /* Build configuration list for PBXNativeTarget "A103.SwiftUI Apple Photos App Transition-iOS 17" */;
			buildPhases = (
				AA7EC2A32D3CB240002558A0 /* Sources */,
				AA7EC2A42D3CB240002558A0 /* Frameworks */,
				AA7EC2A52D3CB240002558A0 /* Resources */,
			);
			buildRules = (
			);
			dependencies = (
			);
			name = "A103.SwiftUI Apple Photos App Transition-iOS 17";
			productName = "A103.SwiftUI Apple Photos App Transition-iOS 17";
			productReference = AA7EC2A72D3CB240002558A0 /* A103.SwiftUI Apple Photos App Transition-iOS 17.app */;
			productType = "com.apple.product-type.application";
		};
		AA7EC2B62D3CB241002558A0 /* A103.SwiftUI Apple Photos App Transition-iOS 17Tests */ = {
			isa = PBXNativeTarget;
			buildConfigurationList = AA7EC2CE2D3CB241002558A0 /* Build configuration list for PBXNativeTarget "A103.SwiftUI Apple Photos App Transition-iOS 17Tests" */;
			buildPhases = (
				AA7EC2B32D3CB241002558A0 /* Sources */,
				AA7EC2B42D3CB241002558A0 /* Frameworks */,
				AA7EC2B52D3CB241002558A0 /* Resources */,
			);
			buildRules = (
			);
			dependencies = (
				AA7EC2B92D3CB241002558A0 /* PBXTargetDependency */,
			);
			name = "A103.SwiftUI Apple Photos App Transition-iOS 17Tests";
			productName = "A103.SwiftUI Apple Photos App Transition-iOS 17Tests";
			productReference = AA7EC2B72D3CB241002558A0 /* A103.SwiftUI Apple Photos App Transition-iOS 17Tests.xctest */;
			productType = "com.apple.product-type.bundle.unit-test";
		};
		AA7EC2C02D3CB241002558A0 /* A103.SwiftUI Apple Photos App Transition-iOS 17UITests */ = {
			isa = PBXNativeTarget;
			buildConfigurationList = AA7EC2D12D3CB241002558A0 /* Build configuration list for PBXNativeTarget "A103.SwiftUI Apple Photos App Transition-iOS 17UITests" */;
			buildPhases = (
				AA7EC2BD2D3CB241002558A0 /* Sources */,
				AA7EC2BE2D3CB241002558A0 /* Frameworks */,
				AA7EC2BF2D3CB241002558A0 /* Resources */,
			);
			buildRules = (
			);
			dependencies = (
				AA7EC2C32D3CB241002558A0 /* PBXTargetDependency */,
			);
			name = "A103.SwiftUI Apple Photos App Transition-iOS 17UITests";
			productName = "A103.SwiftUI Apple Photos App Transition-iOS 17UITests";
			productReference = AA7EC2C12D3CB241002558A0 /* A103.SwiftUI Apple Photos App Transition-iOS 17UITests.xctest */;
			productType = "com.apple.product-type.bundle.ui-testing";
		};
/* End PBXNativeTarget section */

/* Begin PBXProject section */
		AA7EC29F2D3CB240002558A0 /* Project object */ = {
			isa = PBXProject;
			attributes = {
				BuildIndependentTargetsInParallel = 1;
				LastSwiftUpdateCheck = 1540;
				LastUpgradeCheck = 1540;
				TargetAttributes = {
					AA7EC2A62D3CB240002558A0 = {
						CreatedOnToolsVersion = 15.4;
					};
					AA7EC2B62D3CB241002558A0 = {
						CreatedOnToolsVersion = 15.4;
						TestTargetID = AA7EC2A62D3CB240002558A0;
					};
					AA7EC2C02D3CB241002558A0 = {
						CreatedOnToolsVersion = 15.4;
						TestTargetID = AA7EC2A62D3CB240002558A0;
					};
				};
			};
			buildConfigurationList = AA7EC2A22D3CB240002558A0 /* Build configuration list for PBXProject "A103.SwiftUI Apple Photos App Transition-iOS 17" */;
			compatibilityVersion = "Xcode 14.0";
			developmentRegion = en;
			hasScannedForEncodings = 0;
			knownRegions = (
				en,
				Base,
			);
			mainGroup = AA7EC29E2D3CB240002558A0;
			productRefGroup = AA7EC2A82D3CB240002558A0 /* Products */;
			projectDirPath = "";
			projectRoot = "";
			targets = (
				AA7EC2A62D3CB240002558A0 /* A103.SwiftUI Apple Photos App Transition-iOS 17 */,
				AA7EC2B62D3CB241002558A0 /* A103.SwiftUI Apple Photos App Transition-iOS 17Tests */,
				AA7EC2C02D3CB241002558A0 /* A103.SwiftUI Apple Photos App Transition-iOS 17UITests */,
			);
		};
/* End PBXProject section */

/* Begin PBXResourcesBuildPhase section */
		AA7EC2A52D3CB240002558A0 /* Resources */ = {
			isa = PBXResourcesBuildPhase;
			buildActionMask = 2147483647;
			files = (
				AA7EC2B22D3CB241002558A0 /* Preview Assets.xcassets in Resources */,
				AA7EC2AF2D3CB241002558A0 /* Assets.xcassets in Resources */,
			);
			runOnlyForDeploymentPostprocessing = 0;
		};
		AA7EC2B52D3CB241002558A0 /* Resources */ = {
			isa = PBXResourcesBuildPhase;
			buildActionMask = 2147483647;
			files = (
			);
			runOnlyForDeploymentPostprocessing = 0;
		};
		AA7EC2BF2D3CB241002558A0 /* Resources */ = {
			isa = PBXResourcesBuildPhase;
			buildActionMask = 2147483647;
			files = (
			);
			runOnlyForDeploymentPostprocessing = 0;
		};
/* End PBXResourcesBuildPhase section */

/* Begin PBXSourcesBuildPhase section */
		AA7EC2A32D3CB240002558A0 /* Sources */ = {
			isa = PBXSourcesBuildPhase;
			buildActionMask = 2147483647;
			files = (
				AA7EC2AD2D3CB240002558A0 /* ContentView.swift in Sources */,
				AA7EC2AB2D3CB240002558A0 /* A103_SwiftUI_Apple_Photos_App_Transition_iOS_17App.swift in Sources */,
			);
			runOnlyForDeploymentPostprocessing = 0;
		};
		AA7EC2B32D3CB241002558A0 /* Sources */ = {
			isa = PBXSourcesBuildPhase;
			buildActionMask = 2147483647;
			files = (
				AA7EC2BC2D3CB241002558A0 /* A103_SwiftUI_Apple_Photos_App_Transition_iOS_17Tests.swift in Sources */,
			);
			runOnlyForDeploymentPostprocessing = 0;
		};
		AA7EC2BD2D3CB241002558A0 /* Sources */ = {
			isa = PBXSourcesBuildPhase;
			buildActionMask = 2147483647;
			files = (
				AA7EC2C82D3CB241002558A0 /* A103_SwiftUI_Apple_Photos_App_Transition_iOS_17UITestsLaunchTests.swift in Sources */,
				AA7EC2C62D3CB241002558A0 /* A103_SwiftUI_Apple_Photos_App_Transition_iOS_17UITests.swift in Sources */,
			);
			runOnlyForDeploymentPostprocessing = 0;
		};
/* End PBXSourcesBuildPhase section */

/* Begin PBXTargetDependency section */
		AA7EC2B92D3CB241002558A0 /* PBXTargetDependency */ = {
			isa = PBXTargetDependency;
			target = AA7EC2A62D3CB240002558A0 /* A103.SwiftUI Apple Photos App Transition-iOS 17 */;
			targetProxy = AA7EC2B82D3CB241002558A0 /* PBXContainerItemProxy */;
		};
		AA7EC2C32D3CB241002558A0 /* PBXTargetDependency */ = {
			isa = PBXTargetDependency;
			target = AA7EC2A62D3CB240002558A0 /* A103.SwiftUI Apple Photos App Transition-iOS 17 */;
			targetProxy = AA7EC2C22D3CB241002558A0 /* PBXContainerItemProxy */;
		};
/* End PBXTargetDependency section */

/* Begin XCBuildConfiguration section */
		AA7EC2C92D3CB241002558A0 /* Debug */ = {
			isa = XCBuildConfiguration;
			buildSettings = {
				ALWAYS_SEARCH_USER_PATHS = NO;
				ASSETCATALOG_COMPILER_GENERATE_SWIFT_ASSET_SYMBOL_EXTENSIONS = YES;
				CLANG_ANALYZER_NONNULL = YES;
				CLANG_ANALYZER_NUMBER_OBJECT_CONVERSION = YES_AGGRESSIVE;
				CLANG_CXX_LANGUAGE_STANDARD = "gnu++20";
				CLANG_ENABLE_MODULES = YES;
				CLANG_ENABLE_OBJC_ARC = YES;
				CLANG_ENABLE_OBJC_WEAK = YES;
				CLANG_WARN_BLOCK_CAPTURE_AUTORELEASING = YES;
				CLANG_WARN_BOOL_CONVERSION = YES;
				CLANG_WARN_COMMA = YES;
				CLANG_WARN_CONSTANT_CONVERSION = YES;
				CLANG_WARN_DEPRECATED_OBJC_IMPLEMENTATIONS = YES;
				CLANG_WARN_DIRECT_OBJC_ISA_USAGE = YES_ERROR;
				CLANG_WARN_DOCUMENTATION_COMMENTS = YES;
				CLANG_WARN_EMPTY_BODY = YES;
				CLANG_WARN_ENUM_CONVERSION = YES;
				CLANG_WARN_INFINITE_RECURSION = YES;
				CLANG_WARN_INT_CONVERSION = YES;
				CLANG_WARN_NON_LITERAL_NULL_CONVERSION = YES;
				CLANG_WARN_OBJC_IMPLICIT_RETAIN_SELF = YES;
				CLANG_WARN_OBJC_LITERAL_CONVERSION = YES;
				CLANG_WARN_OBJC_ROOT_CLASS = YES_ERROR;
				CLANG_WARN_QUOTED_INCLUDE_IN_FRAMEWORK_HEADER = YES;
				CLANG_WARN_RANGE_LOOP_ANALYSIS = YES;
				CLANG_WARN_STRICT_PROTOTYPES = YES;
				CLANG_WARN_SUSPICIOUS_MOVE = YES;
				CLANG_WARN_UNGUARDED_AVAILABILITY = YES_AGGRESSIVE;
				CLANG_WARN_UNREACHABLE_CODE = YES;
				CLANG_WARN__DUPLICATE_METHOD_MATCH = YES;
				COPY_PHASE_STRIP = NO;
				DEBUG_INFORMATION_FORMAT = dwarf;
				ENABLE_STRICT_OBJC_MSGSEND = YES;
				ENABLE_TESTABILITY = YES;
				ENABLE_USER_SCRIPT_SANDBOXING = YES;
				GCC_C_LANGUAGE_STANDARD = gnu17;
				GCC_DYNAMIC_NO_PIC = NO;
				GCC_NO_COMMON_BLOCKS = YES;
				GCC_OPTIMIZATION_LEVEL = 0;
				GCC_PREPROCESSOR_DEFINITIONS = (
					"DEBUG=1",
					"$(inherited)",
				);
				GCC_WARN_64_TO_32_BIT_CONVERSION = YES;
				GCC_WARN_ABOUT_RETURN_TYPE = YES_ERROR;
				GCC_WARN_UNDECLARED_SELECTOR = YES;
				GCC_WARN_UNINITIALIZED_AUTOS = YES_AGGRESSIVE;
				GCC_WARN_UNUSED_FUNCTION = YES;
				GCC_WARN_UNUSED_VARIABLE = YES;
				IPHONEOS_DEPLOYMENT_TARGET = 17.5;
				LOCALIZATION_PREFERS_STRING_CATALOGS = YES;
				MTL_ENABLE_DEBUG_INFO = INCLUDE_SOURCE;
				MTL_FAST_MATH = YES;
				ONLY_ACTIVE_ARCH = YES;
				SDKROOT = iphoneos;
				SWIFT_ACTIVE_COMPILATION_CONDITIONS = "DEBUG $(inherited)";
				SWIFT_OPTIMIZATION_LEVEL = "-Onone";
			};
			name = Debug;
		};
		AA7EC2CA2D3CB241002558A0 /* Release */ = {
			isa = XCBuildConfiguration;
			buildSettings = {
				ALWAYS_SEARCH_USER_PATHS = NO;
				ASSETCATALOG_COMPILER_GENERATE_SWIFT_ASSET_SYMBOL_EXTENSIONS = YES;
				CLANG_ANALYZER_NONNULL = YES;
				CLANG_ANALYZER_NUMBER_OBJECT_CONVERSION = YES_AGGRESSIVE;
				CLANG_CXX_LANGUAGE_STANDARD = "gnu++20";
				CLANG_ENABLE_MODULES = YES;
				CLANG_ENABLE_OBJC_ARC = YES;
				CLANG_ENABLE_OBJC_WEAK = YES;
				CLANG_WARN_BLOCK_CAPTURE_AUTORELEASING = YES;
				CLANG_WARN_BOOL_CONVERSION = YES;
				CLANG_WARN_COMMA = YES;
				CLANG_WARN_CONSTANT_CONVERSION = YES;
				CLANG_WARN_DEPRECATED_OBJC_IMPLEMENTATIONS = YES;
				CLANG_WARN_DIRECT_OBJC_ISA_USAGE = YES_ERROR;
				CLANG_WARN_DOCUMENTATION_COMMENTS = YES;
				CLANG_WARN_EMPTY_BODY = YES;
				CLANG_WARN_ENUM_CONVERSION = YES;
				CLANG_WARN_INFINITE_RECURSION = YES;
				CLANG_WARN_INT_CONVERSION = YES;
				CLANG_WARN_NON_LITERAL_NULL_CONVERSION = YES;
				CLANG_WARN_OBJC_IMPLICIT_RETAIN_SELF = YES;
				CLANG_WARN_OBJC_LITERAL_CONVERSION = YES;
				CLANG_WARN_OBJC_ROOT_CLASS = YES_ERROR;
				CLANG_WARN_QUOTED_INCLUDE_IN_FRAMEWORK_HEADER = YES;
				CLANG_WARN_RANGE_LOOP_ANALYSIS = YES;
				CLANG_WARN_STRICT_PROTOTYPES = YES;
				CLANG_WARN_SUSPICIOUS_MOVE = YES;
				CLANG_WARN_UNGUARDED_AVAILABILITY = YES_AGGRESSIVE;
				CLANG_WARN_UNREACHABLE_CODE = YES;
				CLANG_WARN__DUPLICATE_METHOD_MATCH = YES;
				COPY_PHASE_STRIP = NO;
				DEBUG_INFORMATION_FORMAT = "dwarf-with-dsym";
				ENABLE_NS_ASSERTIONS = NO;
				ENABLE_STRICT_OBJC_MSGSEND = YES;
				ENABLE_USER_SCRIPT_SANDBOXING = YES;
				GCC_C_LANGUAGE_STANDARD = gnu17;
				GCC_NO_COMMON_BLOCKS = YES;
				GCC_WARN_64_TO_32_BIT_CONVERSION = YES;
				GCC_WARN_ABOUT_RETURN_TYPE = YES_ERROR;
				GCC_WARN_UNDECLARED_SELECTOR = YES;
				GCC_WARN_UNINITIALIZED_AUTOS = YES_AGGRESSIVE;
				GCC_WARN_UNUSED_FUNCTION = YES;
				GCC_WARN_UNUSED_VARIABLE = YES;
				IPHONEOS_DEPLOYMENT_TARGET = 17.5;
				LOCALIZATION_PREFERS_STRING_CATALOGS = YES;
				MTL_ENABLE_DEBUG_INFO = NO;
				MTL_FAST_MATH = YES;
				SDKROOT = iphoneos;
				SWIFT_COMPILATION_MODE = wholemodule;
				VALIDATE_PRODUCT = YES;
			};
			name = Release;
		};
		AA7EC2CC2D3CB241002558A0 /* Debug */ = {
			isa = XCBuildConfiguration;
			buildSettings = {
				ASSETCATALOG_COMPILER_APPICON_NAME = AppIcon;
				ASSETCATALOG_COMPILER_GLOBAL_ACCENT_COLOR_NAME = AccentColor;
				CODE_SIGN_STYLE = Automatic;
				CURRENT_PROJECT_VERSION = 1;
				DEVELOPMENT_ASSET_PATHS = "\"A103.SwiftUI Apple Photos App Transition-iOS 17/Preview Content\"";
				ENABLE_PREVIEWS = YES;
				GENERATE_INFOPLIST_FILE = YES;
				INFOPLIST_KEY_UIApplicationSceneManifest_Generation = YES;
				INFOPLIST_KEY_UIApplicationSupportsIndirectInputEvents = YES;
				INFOPLIST_KEY_UILaunchScreen_Generation = YES;
				INFOPLIST_KEY_UISupportedInterfaceOrientations_iPad = "UIInterfaceOrientationPortrait UIInterfaceOrientationPortraitUpsideDown UIInterfaceOrientationLandscapeLeft UIInterfaceOrientationLandscapeRight";
				INFOPLIST_KEY_UISupportedInterfaceOrientations_iPhone = "UIInterfaceOrientationPortrait UIInterfaceOrientationLandscapeLeft UIInterfaceOrientationLandscapeRight";
				LD_RUNPATH_SEARCH_PATHS = (
					"$(inherited)",
					"@executable_path/Frameworks",
				);
				MARKETING_VERSION = 1.0;
				PRODUCT_BUNDLE_IDENTIFIER = "com.yonglekeji.A103-SwiftUI-Apple-Photos-App-Transition-iOS-17";
				PRODUCT_NAME = "$(TARGET_NAME)";
				SWIFT_EMIT_LOC_STRINGS = YES;
				SWIFT_VERSION = 5.0;
				TARGETED_DEVICE_FAMILY = "1,2";
			};
			name = Debug;
		};
		AA7EC2CD2D3CB241002558A0 /* Release */ = {
			isa = XCBuildConfiguration;
			buildSettings = {
				ASSETCATALOG_COMPILER_APPICON_NAME = AppIcon;
				ASSETCATALOG_COMPILER_GLOBAL_ACCENT_COLOR_NAME = AccentColor;
				CODE_SIGN_STYLE = Automatic;
				CURRENT_PROJECT_VERSION = 1;
				DEVELOPMENT_ASSET_PATHS = "\"A103.SwiftUI Apple Photos App Transition-iOS 17/Preview Content\"";
				ENABLE_PREVIEWS = YES;
				GENERATE_INFOPLIST_FILE = YES;
				INFOPLIST_KEY_UIApplicationSceneManifest_Generation = YES;
				INFOPLIST_KEY_UIApplicationSupportsIndirectInputEvents = YES;
				INFOPLIST_KEY_UILaunchScreen_Generation = YES;
				INFOPLIST_KEY_UISupportedInterfaceOrientations_iPad = "UIInterfaceOrientationPortrait UIInterfaceOrientationPortraitUpsideDown UIInterfaceOrientationLandscapeLeft UIInterfaceOrientationLandscapeRight";
				INFOPLIST_KEY_UISupportedInterfaceOrientations_iPhone = "UIInterfaceOrientationPortrait UIInterfaceOrientationLandscapeLeft UIInterfaceOrientationLandscapeRight";
				LD_RUNPATH_SEARCH_PATHS = (
					"$(inherited)",
					"@executable_path/Frameworks",
				);
				MARKETING_VERSION = 1.0;
				PRODUCT_BUNDLE_IDENTIFIER = "com.yonglekeji.A103-SwiftUI-Apple-Photos-App-Transition-iOS-17";
				PRODUCT_NAME = "$(TARGET_NAME)";
				SWIFT_EMIT_LOC_STRINGS = YES;
				SWIFT_VERSION = 5.0;
				TARGETED_DEVICE_FAMILY = "1,2";
			};
			name = Release;
		};
		AA7EC2CF2D3CB241002558A0 /* Debug */ = {
			isa = XCBuildConfiguration;
			buildSettings = {
				ALWAYS_EMBED_SWIFT_STANDARD_LIBRARIES = YES;
				BUNDLE_LOADER = "$(TEST_HOST)";
				CODE_SIGN_STYLE = Automatic;
				CURRENT_PROJECT_VERSION = 1;
				GENERATE_INFOPLIST_FILE = YES;
				IPHONEOS_DEPLOYMENT_TARGET = 17.5;
				MARKETING_VERSION = 1.0;
				PRODUCT_BUNDLE_IDENTIFIER = "com.yonglekeji.A103-SwiftUI-Apple-Photos-App-Transition-iOS-17Tests";
				PRODUCT_NAME = "$(TARGET_NAME)";
				SWIFT_EMIT_LOC_STRINGS = NO;
				SWIFT_VERSION = 5.0;
				TARGETED_DEVICE_FAMILY = "1,2";
				TEST_HOST = "$(BUILT_PRODUCTS_DIR)/A103.SwiftUI Apple Photos App Transition-iOS 17.app/$(BUNDLE_EXECUTABLE_FOLDER_PATH)/A103.SwiftUI Apple Photos App Transition-iOS 17";
			};
			name = Debug;
		};
		AA7EC2D02D3CB241002558A0 /* Release */ = {
			isa = XCBuildConfiguration;
			buildSettings = {
				ALWAYS_EMBED_SWIFT_STANDARD_LIBRARIES = YES;
				BUNDLE_LOADER = "$(TEST_HOST)";
				CODE_SIGN_STYLE = Automatic;
				CURRENT_PROJECT_VERSION = 1;
				GENERATE_INFOPLIST_FILE = YES;
				IPHONEOS_DEPLOYMENT_TARGET = 17.5;
				MARKETING_VERSION = 1.0;
				PRODUCT_BUNDLE_IDENTIFIER = "com.yonglekeji.A103-SwiftUI-Apple-Photos-App-Transition-iOS-17Tests";
				PRODUCT_NAME = "$(TARGET_NAME)";
				SWIFT_EMIT_LOC_STRINGS = NO;
				SWIFT_VERSION = 5.0;
				TARGETED_DEVICE_FAMILY = "1,2";
				TEST_HOST = "$(BUILT_PRODUCTS_DIR)/A103.SwiftUI Apple Photos App Transition-iOS 17.app/$(BUNDLE_EXECUTABLE_FOLDER_PATH)/A103.SwiftUI Apple Photos App Transition-iOS 17";
			};
			name = Release;
		};
		AA7EC2D22D3CB241002558A0 /* Debug */ = {
			isa = XCBuildConfiguration;
			buildSettings = {
				ALWAYS_EMBED_SWIFT_STANDARD_LIBRARIES = YES;
				CODE_SIGN_STYLE = Automatic;
				CURRENT_PROJECT_VERSION = 1;
				GENERATE_INFOPLIST_FILE = YES;
				MARKETING_VERSION = 1.0;
				PRODUCT_BUNDLE_IDENTIFIER = "com.yonglekeji.A103-SwiftUI-Apple-Photos-App-Transition-iOS-17UITests";
				PRODUCT_NAME = "$(TARGET_NAME)";
				SWIFT_EMIT_LOC_STRINGS = NO;
				SWIFT_VERSION = 5.0;
				TARGETED_DEVICE_FAMILY = "1,2";
				TEST_TARGET_NAME = "A103.SwiftUI Apple Photos App Transition-iOS 17";
			};
			name = Debug;
		};
		AA7EC2D32D3CB241002558A0 /* Release */ = {
			isa = XCBuildConfiguration;
			buildSettings = {
				ALWAYS_EMBED_SWIFT_STANDARD_LIBRARIES = YES;
				CODE_SIGN_STYLE = Automatic;
				CURRENT_PROJECT_VERSION = 1;
				GENERATE_INFOPLIST_FILE = YES;
				MARKETING_VERSION = 1.0;
				PRODUCT_BUNDLE_IDENTIFIER = "com.yonglekeji.A103-SwiftUI-Apple-Photos-App-Transition-iOS-17UITests";
				PRODUCT_NAME = "$(TARGET_NAME)";
				SWIFT_EMIT_LOC_STRINGS = NO;
				SWIFT_VERSION = 5.0;
				TARGETED_DEVICE_FAMILY = "1,2";
				TEST_TARGET_NAME = "A103.SwiftUI Apple Photos App Transition-iOS 17";
			};
			name = Release;
		};
/* End XCBuildConfiguration section */

/* Begin XCConfigurationList section */
		AA7EC2A22D3CB240002558A0 /* Build configuration list for PBXProject "A103.SwiftUI Apple Photos App Transition-iOS 17" */ = {
			isa = XCConfigurationList;
			buildConfigurations = (
				AA7EC2C92D3CB241002558A0 /* Debug */,
				AA7EC2CA2D3CB241002558A0 /* Release */,
			);
			defaultConfigurationIsVisible = 0;
			defaultConfigurationName = Release;
		};
		AA7EC2CB2D3CB241002558A0 /* Build configuration list for PBXNativeTarget "A103.SwiftUI Apple Photos App Transition-iOS 17" */ = {
			isa = XCConfigurationList;
			buildConfigurations = (
				AA7EC2CC2D3CB241002558A0 /* Debug */,
				AA7EC2CD2D3CB241002558A0 /* Release */,
			);
			defaultConfigurationIsVisible = 0;
			defaultConfigurationName = Release;
		};
		AA7EC2CE2D3CB241002558A0 /* Build configuration list for PBXNativeTarget "A103.SwiftUI Apple Photos App Transition-iOS 17Tests" */ = {
			isa = XCConfigurationList;
			buildConfigurations = (
				AA7EC2CF2D3CB241002558A0 /* Debug */,
				AA7EC2D02D3CB241002558A0 /* Release */,
			);
			defaultConfigurationIsVisible = 0;
			defaultConfigurationName = Release;
		};
		AA7EC2D12D3CB241002558A0 /* Build configuration list for PBXNativeTarget "A103.SwiftUI Apple Photos App Transition-iOS 17UITests" */ = {
			isa = XCConfigurationList;
			buildConfigurations = (
				AA7EC2D22D3CB241002558A0 /* Debug */,
				AA7EC2D32D3CB241002558A0 /* Release */,
			);
			defaultConfigurationIsVisible = 0;
			defaultConfigurationName = Release;
		};
/* End XCConfigurationList section */
	};
	rootObject = AA7EC29F2D3CB240002558A0 /* Project object */;
}
