// !$*UTF8*$!
{
	archiveVersion = 1;
	classes = {
	};
	objectVersion = 56;
	objects = {

/* Begin PBXBuildFile section */
		AB4EB67F2AD136EC0071478A /* Home.swift in Sources */ = {isa = PBXBuildFile; fileRef = AB4EB67E2AD136EC0071478A /* Home.swift */; };
		AB4EB6812AD136F30071478A /* Models.swift in Sources */ = {isa = PBXBuildFile; fileRef = AB4EB6802AD136F30071478A /* Models.swift */; };
		AB4EB6832AD138D10071478A /* MAnchorKey.swift in Sources */ = {isa = PBXBuildFile; fileRef = AB4EB6822AD138D10071478A /* MAnchorKey.swift */; };
		ABE0BA232ACE8233002BC05B /* A_20_NavigationStack_Hero_Animation_EffectApp.swift in Sources */ = {isa = PBXBuildFile; fileRef = ABE0BA222ACE8233002BC05B /* A_20_NavigationStack_Hero_Animation_EffectApp.swift */; };
		ABE0BA252ACE8233002BC05B /* ContentView.swift in Sources */ = {isa = PBXBuildFile; fileRef = ABE0BA242ACE8233002BC05B /* ContentView.swift */; };
		ABE0BA272ACE8234002BC05B /* Assets.xcassets in Resources */ = {isa = PBXBuildFile; fileRef = ABE0BA262ACE8234002BC05B /* Assets.xcassets */; };
		ABE0BA2A2ACE8234002BC05B /* Preview Assets.xcassets in Resources */ = {isa = PBXBuildFile; fileRef = ABE0BA292ACE8234002BC05B /* Preview Assets.xcassets */; };
/* End PBXBuildFile section */

/* Begin PBXFileReference section */
		AB4EB67E2AD136EC0071478A /* Home.swift */ = {isa = PBXFileReference; lastKnownFileType = sourcecode.swift; path = Home.swift; sourceTree = "<group>"; };
		AB4EB6802AD136F30071478A /* Models.swift */ = {isa = PBXFileReference; lastKnownFileType = sourcecode.swift; path = Models.swift; sourceTree = "<group>"; };
		AB4EB6822AD138D10071478A /* MAnchorKey.swift */ = {isa = PBXFileReference; lastKnownFileType = sourcecode.swift; path = MAnchorKey.swift; sourceTree = "<group>"; };
		ABE0BA1F2ACE8233002BC05B /* A_20_NavigationStack Hero Animation Effect.app */ = {isa = PBXFileReference; explicitFileType = wrapper.application; includeInIndex = 0; path = "A_20_NavigationStack Hero Animation Effect.app"; sourceTree = BUILT_PRODUCTS_DIR; };
		ABE0BA222ACE8233002BC05B /* A_20_NavigationStack_Hero_Animation_EffectApp.swift */ = {isa = PBXFileReference; lastKnownFileType = sourcecode.swift; path = A_20_NavigationStack_Hero_Animation_EffectApp.swift; sourceTree = "<group>"; };
		ABE0BA242ACE8233002BC05B /* ContentView.swift */ = {isa = PBXFileReference; lastKnownFileType = sourcecode.swift; path = ContentView.swift; sourceTree = "<group>"; };
		ABE0BA262ACE8234002BC05B /* Assets.xcassets */ = {isa = PBXFileReference; lastKnownFileType = folder.assetcatalog; path = Assets.xcassets; sourceTree = "<group>"; };
		ABE0BA292ACE8234002BC05B /* Preview Assets.xcassets */ = {isa = PBXFileReference; lastKnownFileType = folder.assetcatalog; path = "Preview Assets.xcassets"; sourceTree = "<group>"; };
/* End PBXFileReference section */

/* Begin PBXFrameworksBuildPhase section */
		ABE0BA1C2ACE8233002BC05B /* Frameworks */ = {
			isa = PBXFrameworksBuildPhase;
			buildActionMask = 2147483647;
			files = (
			);
			runOnlyForDeploymentPostprocessing = 0;
		};
/* End PBXFrameworksBuildPhase section */

/* Begin PBXGroup section */
		AB4EB67D2AD136E30071478A /* view */ = {
			isa = PBXGroup;
			children = (
				AB4EB67E2AD136EC0071478A /* Home.swift */,
			);
			path = view;
			sourceTree = "<group>";
		};
		ABE0BA162ACE8233002BC05B = {
			isa = PBXGroup;
			children = (
				ABE0BA212ACE8233002BC05B /* A_20_NavigationStack Hero Animation Effect */,
				ABE0BA202ACE8233002BC05B /* Products */,
			);
			sourceTree = "<group>";
		};
		ABE0BA202ACE8233002BC05B /* Products */ = {
			isa = PBXGroup;
			children = (
				ABE0BA1F2ACE8233002BC05B /* A_20_NavigationStack Hero Animation Effect.app */,
			);
			name = Products;
			sourceTree = "<group>";
		};
		ABE0BA212ACE8233002BC05B /* A_20_NavigationStack Hero Animation Effect */ = {
			isa = PBXGroup;
			children = (
				AB4EB67D2AD136E30071478A /* view */,
				ABE0BA222ACE8233002BC05B /* A_20_NavigationStack_Hero_Animation_EffectApp.swift */,
				ABE0BA242ACE8233002BC05B /* ContentView.swift */,
				ABE0BA262ACE8234002BC05B /* Assets.xcassets */,
				ABE0BA282ACE8234002BC05B /* Preview Content */,
				AB4EB6802AD136F30071478A /* Models.swift */,
				AB4EB6822AD138D10071478A /* MAnchorKey.swift */,
			);
			path = "A_20_NavigationStack Hero Animation Effect";
			sourceTree = "<group>";
		};
		ABE0BA282ACE8234002BC05B /* Preview Content */ = {
			isa = PBXGroup;
			children = (
				ABE0BA292ACE8234002BC05B /* Preview Assets.xcassets */,
			);
			path = "Preview Content";
			sourceTree = "<group>";
		};
/* End PBXGroup section */

/* Begin PBXNativeTarget section */
		ABE0BA1E2ACE8233002BC05B /* A_20_NavigationStack Hero Animation Effect */ = {
			isa = PBXNativeTarget;
			buildConfigurationList = ABE0BA2D2ACE8234002BC05B /* Build configuration list for PBXNativeTarget "A_20_NavigationStack Hero Animation Effect" */;
			buildPhases = (
				ABE0BA1B2ACE8233002BC05B /* Sources */,
				ABE0BA1C2ACE8233002BC05B /* Frameworks */,
				ABE0BA1D2ACE8233002BC05B /* Resources */,
			);
			buildRules = (
			);
			dependencies = (
			);
			name = "A_20_NavigationStack Hero Animation Effect";
			productName = "A_20_NavigationStack Hero Animation Effect";
			productReference = ABE0BA1F2ACE8233002BC05B /* A_20_NavigationStack Hero Animation Effect.app */;
			productType = "com.apple.product-type.application";
		};
/* End PBXNativeTarget section */

/* Begin PBXProject section */
		ABE0BA172ACE8233002BC05B /* Project object */ = {
			isa = PBXProject;
			attributes = {
				BuildIndependentTargetsInParallel = 1;
				LastSwiftUpdateCheck = 1500;
				LastUpgradeCheck = 1500;
				TargetAttributes = {
					ABE0BA1E2ACE8233002BC05B = {
						CreatedOnToolsVersion = 15.0;
					};
				};
			};
			buildConfigurationList = ABE0BA1A2ACE8233002BC05B /* Build configuration list for PBXProject "A_20_NavigationStack Hero Animation Effect" */;
			compatibilityVersion = "Xcode 14.0";
			developmentRegion = en;
			hasScannedForEncodings = 0;
			knownRegions = (
				en,
				Base,
			);
			mainGroup = ABE0BA162ACE8233002BC05B;
			productRefGroup = ABE0BA202ACE8233002BC05B /* Products */;
			projectDirPath = "";
			projectRoot = "";
			targets = (
				ABE0BA1E2ACE8233002BC05B /* A_20_NavigationStack Hero Animation Effect */,
			);
		};
/* End PBXProject section */

/* Begin PBXResourcesBuildPhase section */
		ABE0BA1D2ACE8233002BC05B /* Resources */ = {
			isa = PBXResourcesBuildPhase;
			buildActionMask = 2147483647;
			files = (
				ABE0BA2A2ACE8234002BC05B /* Preview Assets.xcassets in Resources */,
				ABE0BA272ACE8234002BC05B /* Assets.xcassets in Resources */,
			);
			runOnlyForDeploymentPostprocessing = 0;
		};
/* End PBXResourcesBuildPhase section */

/* Begin PBXSourcesBuildPhase section */
		ABE0BA1B2ACE8233002BC05B /* Sources */ = {
			isa = PBXSourcesBuildPhase;
			buildActionMask = 2147483647;
			files = (
				ABE0BA252ACE8233002BC05B /* ContentView.swift in Sources */,
				AB4EB67F2AD136EC0071478A /* Home.swift in Sources */,
				ABE0BA232ACE8233002BC05B /* A_20_NavigationStack_Hero_Animation_EffectApp.swift in Sources */,
				AB4EB6832AD138D10071478A /* MAnchorKey.swift in Sources */,
				AB4EB6812AD136F30071478A /* Models.swift in Sources */,
			);
			runOnlyForDeploymentPostprocessing = 0;
		};
/* End PBXSourcesBuildPhase section */

/* Begin XCBuildConfiguration section */
		ABE0BA2B2ACE8234002BC05B /* Debug */ = {
			isa = XCBuildConfiguration;
			buildSettings = {
				ALWAYS_SEARCH_USER_PATHS = NO;
				ASSETCATALOG_COMPILER_GENERATE_SWIFT_ASSET_SYMBOL_EXTENSIONS = YES;
				CLANG_ANALYZER_NONNULL = YES;
				CLANG_ANALYZER_NUMBER_OBJECT_CONVERSION = YES_AGGRESSIVE;
				CLANG_CXX_LANGUAGE_STANDARD = "gnu++20";
				CLANG_ENABLE_MODULES = YES;
				CLANG_ENABLE_OBJC_ARC = YES;
				CLANG_ENABLE_OBJC_WEAK = YES;
				CLANG_WARN_BLOCK_CAPTURE_AUTORELEASING = YES;
				CLANG_WARN_BOOL_CONVERSION = YES;
				CLANG_WARN_COMMA = YES;
				CLANG_WARN_CONSTANT_CONVERSION = YES;
				CLANG_WARN_DEPRECATED_OBJC_IMPLEMENTATIONS = YES;
				CLANG_WARN_DIRECT_OBJC_ISA_USAGE = YES_ERROR;
				CLANG_WARN_DOCUMENTATION_COMMENTS = YES;
				CLANG_WARN_EMPTY_BODY = YES;
				CLANG_WARN_ENUM_CONVERSION = YES;
				CLANG_WARN_INFINITE_RECURSION = YES;
				CLANG_WARN_INT_CONVERSION = YES;
				CLANG_WARN_NON_LITERAL_NULL_CONVERSION = YES;
				CLANG_WARN_OBJC_IMPLICIT_RETAIN_SELF = YES;
				CLANG_WARN_OBJC_LITERAL_CONVERSION = YES;
				CLANG_WARN_OBJC_ROOT_CLASS = YES_ERROR;
				CLANG_WARN_QUOTED_INCLUDE_IN_FRAMEWORK_HEADER = YES;
				CLANG_WARN_RANGE_LOOP_ANALYSIS = YES;
				CLANG_WARN_STRICT_PROTOTYPES = YES;
				CLANG_WARN_SUSPICIOUS_MOVE = YES;
				CLANG_WARN_UNGUARDED_AVAILABILITY = YES_AGGRESSIVE;
				CLANG_WARN_UNREACHABLE_CODE = YES;
				CLANG_WARN__DUPLICATE_METHOD_MATCH = YES;
				COPY_PHASE_STRIP = NO;
				DEBUG_INFORMATION_FORMAT = dwarf;
				ENABLE_STRICT_OBJC_MSGSEND = YES;
				ENABLE_TESTABILITY = YES;
				ENABLE_USER_SCRIPT_SANDBOXING = YES;
				GCC_C_LANGUAGE_STANDARD = gnu17;
				GCC_DYNAMIC_NO_PIC = NO;
				GCC_NO_COMMON_BLOCKS = YES;
				GCC_OPTIMIZATION_LEVEL = 0;
				GCC_PREPROCESSOR_DEFINITIONS = (
					"DEBUG=1",
					"$(inherited)",
				);
				GCC_WARN_64_TO_32_BIT_CONVERSION = YES;
				GCC_WARN_ABOUT_RETURN_TYPE = YES_ERROR;
				GCC_WARN_UNDECLARED_SELECTOR = YES;
				GCC_WARN_UNINITIALIZED_AUTOS = YES_AGGRESSIVE;
				GCC_WARN_UNUSED_FUNCTION = YES;
				GCC_WARN_UNUSED_VARIABLE = YES;
				IPHONEOS_DEPLOYMENT_TARGET = 17.0;
				LOCALIZATION_PREFERS_STRING_CATALOGS = YES;
				MTL_ENABLE_DEBUG_INFO = INCLUDE_SOURCE;
				MTL_FAST_MATH = YES;
				ONLY_ACTIVE_ARCH = YES;
				SDKROOT = iphoneos;
				SWIFT_ACTIVE_COMPILATION_CONDITIONS = "DEBUG $(inherited)";
				SWIFT_OPTIMIZATION_LEVEL = "-Onone";
			};
			name = Debug;
		};
		ABE0BA2C2ACE8234002BC05B /* Release */ = {
			isa = XCBuildConfiguration;
			buildSettings = {
				ALWAYS_SEARCH_USER_PATHS = NO;
				ASSETCATALOG_COMPILER_GENERATE_SWIFT_ASSET_SYMBOL_EXTENSIONS = YES;
				CLANG_ANALYZER_NONNULL = YES;
				CLANG_ANALYZER_NUMBER_OBJECT_CONVERSION = YES_AGGRESSIVE;
				CLANG_CXX_LANGUAGE_STANDARD = "gnu++20";
				CLANG_ENABLE_MODULES = YES;
				CLANG_ENABLE_OBJC_ARC = YES;
				CLANG_ENABLE_OBJC_WEAK = YES;
				CLANG_WARN_BLOCK_CAPTURE_AUTORELEASING = YES;
				CLANG_WARN_BOOL_CONVERSION = YES;
				CLANG_WARN_COMMA = YES;
				CLANG_WARN_CONSTANT_CONVERSION = YES;
				CLANG_WARN_DEPRECATED_OBJC_IMPLEMENTATIONS = YES;
				CLANG_WARN_DIRECT_OBJC_ISA_USAGE = YES_ERROR;
				CLANG_WARN_DOCUMENTATION_COMMENTS = YES;
				CLANG_WARN_EMPTY_BODY = YES;
				CLANG_WARN_ENUM_CONVERSION = YES;
				CLANG_WARN_INFINITE_RECURSION = YES;
				CLANG_WARN_INT_CONVERSION = YES;
				CLANG_WARN_NON_LITERAL_NULL_CONVERSION = YES;
				CLANG_WARN_OBJC_IMPLICIT_RETAIN_SELF = YES;
				CLANG_WARN_OBJC_LITERAL_CONVERSION = YES;
				CLANG_WARN_OBJC_ROOT_CLASS = YES_ERROR;
				CLANG_WARN_QUOTED_INCLUDE_IN_FRAMEWORK_HEADER = YES;
				CLANG_WARN_RANGE_LOOP_ANALYSIS = YES;
				CLANG_WARN_STRICT_PROTOTYPES = YES;
				CLANG_WARN_SUSPICIOUS_MOVE = YES;
				CLANG_WARN_UNGUARDED_AVAILABILITY = YES_AGGRESSIVE;
				CLANG_WARN_UNREACHABLE_CODE = YES;
				CLANG_WARN__DUPLICATE_METHOD_MATCH = YES;
				COPY_PHASE_STRIP = NO;
				DEBUG_INFORMATION_FORMAT = "dwarf-with-dsym";
				ENABLE_NS_ASSERTIONS = NO;
				ENABLE_STRICT_OBJC_MSGSEND = YES;
				ENABLE_USER_SCRIPT_SANDBOXING = YES;
				GCC_C_LANGUAGE_STANDARD = gnu17;
				GCC_NO_COMMON_BLOCKS = YES;
				GCC_WARN_64_TO_32_BIT_CONVERSION = YES;
				GCC_WARN_ABOUT_RETURN_TYPE = YES_ERROR;
				GCC_WARN_UNDECLARED_SELECTOR = YES;
				GCC_WARN_UNINITIALIZED_AUTOS = YES_AGGRESSIVE;
				GCC_WARN_UNUSED_FUNCTION = YES;
				GCC_WARN_UNUSED_VARIABLE = YES;
				IPHONEOS_DEPLOYMENT_TARGET = 17.0;
				LOCALIZATION_PREFERS_STRING_CATALOGS = YES;
				MTL_ENABLE_DEBUG_INFO = NO;
				MTL_FAST_MATH = YES;
				SDKROOT = iphoneos;
				SWIFT_COMPILATION_MODE = wholemodule;
				VALIDATE_PRODUCT = YES;
			};
			name = Release;
		};
		ABE0BA2E2ACE8234002BC05B /* Debug */ = {
			isa = XCBuildConfiguration;
			buildSettings = {
				ASSETCATALOG_COMPILER_APPICON_NAME = AppIcon;
				ASSETCATALOG_COMPILER_GLOBAL_ACCENT_COLOR_NAME = AccentColor;
				CODE_SIGN_STYLE = Automatic;
				CURRENT_PROJECT_VERSION = 1;
				DEVELOPMENT_ASSET_PATHS = "\"A_20_NavigationStack Hero Animation Effect/Preview Content\"";
				DEVELOPMENT_TEAM = 8PVXGGTSPW;
				ENABLE_PREVIEWS = YES;
				GENERATE_INFOPLIST_FILE = YES;
				INFOPLIST_KEY_UIApplicationSceneManifest_Generation = YES;
				INFOPLIST_KEY_UIApplicationSupportsIndirectInputEvents = YES;
				INFOPLIST_KEY_UILaunchScreen_Generation = YES;
				INFOPLIST_KEY_UISupportedInterfaceOrientations_iPad = "UIInterfaceOrientationPortrait UIInterfaceOrientationPortraitUpsideDown UIInterfaceOrientationLandscapeLeft UIInterfaceOrientationLandscapeRight";
				INFOPLIST_KEY_UISupportedInterfaceOrientations_iPhone = "UIInterfaceOrientationPortrait UIInterfaceOrientationLandscapeLeft UIInterfaceOrientationLandscapeRight";
				LD_RUNPATH_SEARCH_PATHS = (
					"$(inherited)",
					"@executable_path/Frameworks",
				);
				MARKETING_VERSION = 1.0;
				PRODUCT_BUNDLE_IDENTIFIER = "com.yonglekeji.A-20-NavigationStack-Hero-Animation-Effect";
				PRODUCT_NAME = "$(TARGET_NAME)";
				SWIFT_EMIT_LOC_STRINGS = YES;
				SWIFT_VERSION = 5.0;
				TARGETED_DEVICE_FAMILY = "1,2";
			};
			name = Debug;
		};
		ABE0BA2F2ACE8234002BC05B /* Release */ = {
			isa = XCBuildConfiguration;
			buildSettings = {
				ASSETCATALOG_COMPILER_APPICON_NAME = AppIcon;
				ASSETCATALOG_COMPILER_GLOBAL_ACCENT_COLOR_NAME = AccentColor;
				CODE_SIGN_STYLE = Automatic;
				CURRENT_PROJECT_VERSION = 1;
				DEVELOPMENT_ASSET_PATHS = "\"A_20_NavigationStack Hero Animation Effect/Preview Content\"";
				DEVELOPMENT_TEAM = 8PVXGGTSPW;
				ENABLE_PREVIEWS = YES;
				GENERATE_INFOPLIST_FILE = YES;
				INFOPLIST_KEY_UIApplicationSceneManifest_Generation = YES;
				INFOPLIST_KEY_UIApplicationSupportsIndirectInputEvents = YES;
				INFOPLIST_KEY_UILaunchScreen_Generation = YES;
				INFOPLIST_KEY_UISupportedInterfaceOrientations_iPad = "UIInterfaceOrientationPortrait UIInterfaceOrientationPortraitUpsideDown UIInterfaceOrientationLandscapeLeft UIInterfaceOrientationLandscapeRight";
				INFOPLIST_KEY_UISupportedInterfaceOrientations_iPhone = "UIInterfaceOrientationPortrait UIInterfaceOrientationLandscapeLeft UIInterfaceOrientationLandscapeRight";
				LD_RUNPATH_SEARCH_PATHS = (
					"$(inherited)",
					"@executable_path/Frameworks",
				);
				MARKETING_VERSION = 1.0;
				PRODUCT_BUNDLE_IDENTIFIER = "com.yonglekeji.A-20-NavigationStack-Hero-Animation-Effect";
				PRODUCT_NAME = "$(TARGET_NAME)";
				SWIFT_EMIT_LOC_STRINGS = YES;
				SWIFT_VERSION = 5.0;
				TARGETED_DEVICE_FAMILY = "1,2";
			};
			name = Release;
		};
/* End XCBuildConfiguration section */

/* Begin XCConfigurationList section */
		ABE0BA1A2ACE8233002BC05B /* Build configuration list for PBXProject "A_20_NavigationStack Hero Animation Effect" */ = {
			isa = XCConfigurationList;
			buildConfigurations = (
				ABE0BA2B2ACE8234002BC05B /* Debug */,
				ABE0BA2C2ACE8234002BC05B /* Release */,
			);
			defaultConfigurationIsVisible = 0;
			defaultConfigurationName = Release;
		};
		ABE0BA2D2ACE8234002BC05B /* Build configuration list for PBXNativeTarget "A_20_NavigationStack Hero Animation Effect" */ = {
			isa = XCConfigurationList;
			buildConfigurations = (
				ABE0BA2E2ACE8234002BC05B /* Debug */,
				ABE0BA2F2ACE8234002BC05B /* Release */,
			);
			defaultConfigurationIsVisible = 0;
			defaultConfigurationName = Release;
		};
/* End XCConfigurationList section */
	};
	rootObject = ABE0BA172ACE8233002BC05B /* Project object */;
}
