// !$*UTF8*$!
{
	archiveVersion = 1;
	classes = {
	};
	objectVersion = 56;
	objects = {

/* Begin PBXBuildFile section */
		ABE0B9962ACD6D79002BC05B /* A_15_Task_Management_App_SwiftDataApp.swift in Sources */ = {isa = PBXBuildFile; fileRef = ABE0B9952ACD6D79002BC05B /* A_15_Task_Management_App_SwiftDataApp.swift */; };
		ABE0B9982ACD6D79002BC05B /* ContentView.swift in Sources */ = {isa = PBXBuildFile; fileRef = ABE0B9972ACD6D79002BC05B /* ContentView.swift */; };
		ABE0B99A2ACD6D79002BC05B /* Item.swift in Sources */ = {isa = PBXBuildFile; fileRef = ABE0B9992ACD6D79002BC05B /* Item.swift */; };
		ABE0B99C2ACD6D7A002BC05B /* Assets.xcassets in Resources */ = {isa = PBXBuildFile; fileRef = ABE0B99B2ACD6D7A002BC05B /* Assets.xcassets */; };
		ABE0B99F2ACD6D7A002BC05B /* Preview Assets.xcassets in Resources */ = {isa = PBXBuildFile; fileRef = ABE0B99E2ACD6D7A002BC05B /* Preview Assets.xcassets */; };
		ABE0B9A92ACD7DA6002BC05B /* Home.swift in Sources */ = {isa = PBXBuildFile; fileRef = ABE0B9A82ACD7DA6002BC05B /* Home.swift */; };
		ABE0B9AB2ACD7E4B002BC05B /* Task.swift in Sources */ = {isa = PBXBuildFile; fileRef = ABE0B9AA2ACD7E4B002BC05B /* Task.swift */; };
/* End PBXBuildFile section */

/* Begin PBXFileReference section */
		ABE0B9922ACD6D79002BC05B /* A_15_Task Management App SwiftData.app */ = {isa = PBXFileReference; explicitFileType = wrapper.application; includeInIndex = 0; path = "A_15_Task Management App SwiftData.app"; sourceTree = BUILT_PRODUCTS_DIR; };
		ABE0B9952ACD6D79002BC05B /* A_15_Task_Management_App_SwiftDataApp.swift */ = {isa = PBXFileReference; lastKnownFileType = sourcecode.swift; path = A_15_Task_Management_App_SwiftDataApp.swift; sourceTree = "<group>"; };
		ABE0B9972ACD6D79002BC05B /* ContentView.swift */ = {isa = PBXFileReference; lastKnownFileType = sourcecode.swift; path = ContentView.swift; sourceTree = "<group>"; };
		ABE0B9992ACD6D79002BC05B /* Item.swift */ = {isa = PBXFileReference; lastKnownFileType = sourcecode.swift; path = Item.swift; sourceTree = "<group>"; };
		ABE0B99B2ACD6D7A002BC05B /* Assets.xcassets */ = {isa = PBXFileReference; lastKnownFileType = folder.assetcatalog; path = Assets.xcassets; sourceTree = "<group>"; };
		ABE0B99E2ACD6D7A002BC05B /* Preview Assets.xcassets */ = {isa = PBXFileReference; lastKnownFileType = folder.assetcatalog; path = "Preview Assets.xcassets"; sourceTree = "<group>"; };
		ABE0B9A82ACD7DA6002BC05B /* Home.swift */ = {isa = PBXFileReference; lastKnownFileType = sourcecode.swift; path = Home.swift; sourceTree = "<group>"; };
		ABE0B9AA2ACD7E4B002BC05B /* Task.swift */ = {isa = PBXFileReference; lastKnownFileType = sourcecode.swift; path = Task.swift; sourceTree = "<group>"; };
/* End PBXFileReference section */

/* Begin PBXFrameworksBuildPhase section */
		ABE0B98F2ACD6D79002BC05B /* Frameworks */ = {
			isa = PBXFrameworksBuildPhase;
			buildActionMask = 2147483647;
			files = (
			);
			runOnlyForDeploymentPostprocessing = 0;
		};
/* End PBXFrameworksBuildPhase section */

/* Begin PBXGroup section */
		ABE0B9892ACD6D79002BC05B = {
			isa = PBXGroup;
			children = (
				ABE0B9942ACD6D79002BC05B /* A_15_Task Management App SwiftData */,
				ABE0B9932ACD6D79002BC05B /* Products */,
			);
			sourceTree = "<group>";
		};
		ABE0B9932ACD6D79002BC05B /* Products */ = {
			isa = PBXGroup;
			children = (
				ABE0B9922ACD6D79002BC05B /* A_15_Task Management App SwiftData.app */,
			);
			name = Products;
			sourceTree = "<group>";
		};
		ABE0B9942ACD6D79002BC05B /* A_15_Task Management App SwiftData */ = {
			isa = PBXGroup;
			children = (
				ABE0B9A72ACD7D9C002BC05B /* components */,
				ABE0B9A62ACD7D97002BC05B /* page */,
				ABE0B9A52ACD7D91002BC05B /* model */,
				ABE0B9952ACD6D79002BC05B /* A_15_Task_Management_App_SwiftDataApp.swift */,
				ABE0B9972ACD6D79002BC05B /* ContentView.swift */,
				ABE0B9992ACD6D79002BC05B /* Item.swift */,
				ABE0B99B2ACD6D7A002BC05B /* Assets.xcassets */,
				ABE0B99D2ACD6D7A002BC05B /* Preview Content */,
			);
			path = "A_15_Task Management App SwiftData";
			sourceTree = "<group>";
		};
		ABE0B99D2ACD6D7A002BC05B /* Preview Content */ = {
			isa = PBXGroup;
			children = (
				ABE0B99E2ACD6D7A002BC05B /* Preview Assets.xcassets */,
			);
			path = "Preview Content";
			sourceTree = "<group>";
		};
		ABE0B9A52ACD7D91002BC05B /* model */ = {
			isa = PBXGroup;
			children = (
				ABE0B9AA2ACD7E4B002BC05B /* Task.swift */,
			);
			path = model;
			sourceTree = "<group>";
		};
		ABE0B9A62ACD7D97002BC05B /* page */ = {
			isa = PBXGroup;
			children = (
				ABE0B9A82ACD7DA6002BC05B /* Home.swift */,
			);
			path = page;
			sourceTree = "<group>";
		};
		ABE0B9A72ACD7D9C002BC05B /* components */ = {
			isa = PBXGroup;
			children = (
			);
			path = components;
			sourceTree = "<group>";
		};
/* End PBXGroup section */

/* Begin PBXNativeTarget section */
		ABE0B9912ACD6D79002BC05B /* A_15_Task Management App SwiftData */ = {
			isa = PBXNativeTarget;
			buildConfigurationList = ABE0B9A22ACD6D7A002BC05B /* Build configuration list for PBXNativeTarget "A_15_Task Management App SwiftData" */;
			buildPhases = (
				ABE0B98E2ACD6D79002BC05B /* Sources */,
				ABE0B98F2ACD6D79002BC05B /* Frameworks */,
				ABE0B9902ACD6D79002BC05B /* Resources */,
			);
			buildRules = (
			);
			dependencies = (
			);
			name = "A_15_Task Management App SwiftData";
			productName = "A_15_Task Management App SwiftData";
			productReference = ABE0B9922ACD6D79002BC05B /* A_15_Task Management App SwiftData.app */;
			productType = "com.apple.product-type.application";
		};
/* End PBXNativeTarget section */

/* Begin PBXProject section */
		ABE0B98A2ACD6D79002BC05B /* Project object */ = {
			isa = PBXProject;
			attributes = {
				BuildIndependentTargetsInParallel = 1;
				LastSwiftUpdateCheck = 1500;
				LastUpgradeCheck = 1500;
				TargetAttributes = {
					ABE0B9912ACD6D79002BC05B = {
						CreatedOnToolsVersion = 15.0;
					};
				};
			};
			buildConfigurationList = ABE0B98D2ACD6D79002BC05B /* Build configuration list for PBXProject "A_15_Task Management App SwiftData" */;
			compatibilityVersion = "Xcode 14.0";
			developmentRegion = en;
			hasScannedForEncodings = 0;
			knownRegions = (
				en,
				Base,
			);
			mainGroup = ABE0B9892ACD6D79002BC05B;
			productRefGroup = ABE0B9932ACD6D79002BC05B /* Products */;
			projectDirPath = "";
			projectRoot = "";
			targets = (
				ABE0B9912ACD6D79002BC05B /* A_15_Task Management App SwiftData */,
			);
		};
/* End PBXProject section */

/* Begin PBXResourcesBuildPhase section */
		ABE0B9902ACD6D79002BC05B /* Resources */ = {
			isa = PBXResourcesBuildPhase;
			buildActionMask = 2147483647;
			files = (
				ABE0B99F2ACD6D7A002BC05B /* Preview Assets.xcassets in Resources */,
				ABE0B99C2ACD6D7A002BC05B /* Assets.xcassets in Resources */,
			);
			runOnlyForDeploymentPostprocessing = 0;
		};
/* End PBXResourcesBuildPhase section */

/* Begin PBXSourcesBuildPhase section */
		ABE0B98E2ACD6D79002BC05B /* Sources */ = {
			isa = PBXSourcesBuildPhase;
			buildActionMask = 2147483647;
			files = (
				ABE0B9982ACD6D79002BC05B /* ContentView.swift in Sources */,
				ABE0B99A2ACD6D79002BC05B /* Item.swift in Sources */,
				ABE0B9AB2ACD7E4B002BC05B /* Task.swift in Sources */,
				ABE0B9A92ACD7DA6002BC05B /* Home.swift in Sources */,
				ABE0B9962ACD6D79002BC05B /* A_15_Task_Management_App_SwiftDataApp.swift in Sources */,
			);
			runOnlyForDeploymentPostprocessing = 0;
		};
/* End PBXSourcesBuildPhase section */

/* Begin XCBuildConfiguration section */
		ABE0B9A02ACD6D7A002BC05B /* Debug */ = {
			isa = XCBuildConfiguration;
			buildSettings = {
				ALWAYS_SEARCH_USER_PATHS = NO;
				ASSETCATALOG_COMPILER_GENERATE_SWIFT_ASSET_SYMBOL_EXTENSIONS = YES;
				CLANG_ANALYZER_NONNULL = YES;
				CLANG_ANALYZER_NUMBER_OBJECT_CONVERSION = YES_AGGRESSIVE;
				CLANG_CXX_LANGUAGE_STANDARD = "gnu++20";
				CLANG_ENABLE_MODULES = YES;
				CLANG_ENABLE_OBJC_ARC = YES;
				CLANG_ENABLE_OBJC_WEAK = YES;
				CLANG_WARN_BLOCK_CAPTURE_AUTORELEASING = YES;
				CLANG_WARN_BOOL_CONVERSION = YES;
				CLANG_WARN_COMMA = YES;
				CLANG_WARN_CONSTANT_CONVERSION = YES;
				CLANG_WARN_DEPRECATED_OBJC_IMPLEMENTATIONS = YES;
				CLANG_WARN_DIRECT_OBJC_ISA_USAGE = YES_ERROR;
				CLANG_WARN_DOCUMENTATION_COMMENTS = YES;
				CLANG_WARN_EMPTY_BODY = YES;
				CLANG_WARN_ENUM_CONVERSION = YES;
				CLANG_WARN_INFINITE_RECURSION = YES;
				CLANG_WARN_INT_CONVERSION = YES;
				CLANG_WARN_NON_LITERAL_NULL_CONVERSION = YES;
				CLANG_WARN_OBJC_IMPLICIT_RETAIN_SELF = YES;
				CLANG_WARN_OBJC_LITERAL_CONVERSION = YES;
				CLANG_WARN_OBJC_ROOT_CLASS = YES_ERROR;
				CLANG_WARN_QUOTED_INCLUDE_IN_FRAMEWORK_HEADER = YES;
				CLANG_WARN_RANGE_LOOP_ANALYSIS = YES;
				CLANG_WARN_STRICT_PROTOTYPES = YES;
				CLANG_WARN_SUSPICIOUS_MOVE = YES;
				CLANG_WARN_UNGUARDED_AVAILABILITY = YES_AGGRESSIVE;
				CLANG_WARN_UNREACHABLE_CODE = YES;
				CLANG_WARN__DUPLICATE_METHOD_MATCH = YES;
				COPY_PHASE_STRIP = NO;
				DEBUG_INFORMATION_FORMAT = dwarf;
				ENABLE_STRICT_OBJC_MSGSEND = YES;
				ENABLE_TESTABILITY = YES;
				ENABLE_USER_SCRIPT_SANDBOXING = YES;
				GCC_C_LANGUAGE_STANDARD = gnu17;
				GCC_DYNAMIC_NO_PIC = NO;
				GCC_NO_COMMON_BLOCKS = YES;
				GCC_OPTIMIZATION_LEVEL = 0;
				GCC_PREPROCESSOR_DEFINITIONS = (
					"DEBUG=1",
					"$(inherited)",
				);
				GCC_WARN_64_TO_32_BIT_CONVERSION = YES;
				GCC_WARN_ABOUT_RETURN_TYPE = YES_ERROR;
				GCC_WARN_UNDECLARED_SELECTOR = YES;
				GCC_WARN_UNINITIALIZED_AUTOS = YES_AGGRESSIVE;
				GCC_WARN_UNUSED_FUNCTION = YES;
				GCC_WARN_UNUSED_VARIABLE = YES;
				IPHONEOS_DEPLOYMENT_TARGET = 17.0;
				LOCALIZATION_PREFERS_STRING_CATALOGS = YES;
				MTL_ENABLE_DEBUG_INFO = INCLUDE_SOURCE;
				MTL_FAST_MATH = YES;
				ONLY_ACTIVE_ARCH = YES;
				SDKROOT = iphoneos;
				SWIFT_ACTIVE_COMPILATION_CONDITIONS = "DEBUG $(inherited)";
				SWIFT_OPTIMIZATION_LEVEL = "-Onone";
			};
			name = Debug;
		};
		ABE0B9A12ACD6D7A002BC05B /* Release */ = {
			isa = XCBuildConfiguration;
			buildSettings = {
				ALWAYS_SEARCH_USER_PATHS = NO;
				ASSETCATALOG_COMPILER_GENERATE_SWIFT_ASSET_SYMBOL_EXTENSIONS = YES;
				CLANG_ANALYZER_NONNULL = YES;
				CLANG_ANALYZER_NUMBER_OBJECT_CONVERSION = YES_AGGRESSIVE;
				CLANG_CXX_LANGUAGE_STANDARD = "gnu++20";
				CLANG_ENABLE_MODULES = YES;
				CLANG_ENABLE_OBJC_ARC = YES;
				CLANG_ENABLE_OBJC_WEAK = YES;
				CLANG_WARN_BLOCK_CAPTURE_AUTORELEASING = YES;
				CLANG_WARN_BOOL_CONVERSION = YES;
				CLANG_WARN_COMMA = YES;
				CLANG_WARN_CONSTANT_CONVERSION = YES;
				CLANG_WARN_DEPRECATED_OBJC_IMPLEMENTATIONS = YES;
				CLANG_WARN_DIRECT_OBJC_ISA_USAGE = YES_ERROR;
				CLANG_WARN_DOCUMENTATION_COMMENTS = YES;
				CLANG_WARN_EMPTY_BODY = YES;
				CLANG_WARN_ENUM_CONVERSION = YES;
				CLANG_WARN_INFINITE_RECURSION = YES;
				CLANG_WARN_INT_CONVERSION = YES;
				CLANG_WARN_NON_LITERAL_NULL_CONVERSION = YES;
				CLANG_WARN_OBJC_IMPLICIT_RETAIN_SELF = YES;
				CLANG_WARN_OBJC_LITERAL_CONVERSION = YES;
				CLANG_WARN_OBJC_ROOT_CLASS = YES_ERROR;
				CLANG_WARN_QUOTED_INCLUDE_IN_FRAMEWORK_HEADER = YES;
				CLANG_WARN_RANGE_LOOP_ANALYSIS = YES;
				CLANG_WARN_STRICT_PROTOTYPES = YES;
				CLANG_WARN_SUSPICIOUS_MOVE = YES;
				CLANG_WARN_UNGUARDED_AVAILABILITY = YES_AGGRESSIVE;
				CLANG_WARN_UNREACHABLE_CODE = YES;
				CLANG_WARN__DUPLICATE_METHOD_MATCH = YES;
				COPY_PHASE_STRIP = NO;
				DEBUG_INFORMATION_FORMAT = "dwarf-with-dsym";
				ENABLE_NS_ASSERTIONS = NO;
				ENABLE_STRICT_OBJC_MSGSEND = YES;
				ENABLE_USER_SCRIPT_SANDBOXING = YES;
				GCC_C_LANGUAGE_STANDARD = gnu17;
				GCC_NO_COMMON_BLOCKS = YES;
				GCC_WARN_64_TO_32_BIT_CONVERSION = YES;
				GCC_WARN_ABOUT_RETURN_TYPE = YES_ERROR;
				GCC_WARN_UNDECLARED_SELECTOR = YES;
				GCC_WARN_UNINITIALIZED_AUTOS = YES_AGGRESSIVE;
				GCC_WARN_UNUSED_FUNCTION = YES;
				GCC_WARN_UNUSED_VARIABLE = YES;
				IPHONEOS_DEPLOYMENT_TARGET = 17.0;
				LOCALIZATION_PREFERS_STRING_CATALOGS = YES;
				MTL_ENABLE_DEBUG_INFO = NO;
				MTL_FAST_MATH = YES;
				SDKROOT = iphoneos;
				SWIFT_COMPILATION_MODE = wholemodule;
				VALIDATE_PRODUCT = YES;
			};
			name = Release;
		};
		ABE0B9A32ACD6D7A002BC05B /* Debug */ = {
			isa = XCBuildConfiguration;
			buildSettings = {
				ASSETCATALOG_COMPILER_APPICON_NAME = AppIcon;
				ASSETCATALOG_COMPILER_GLOBAL_ACCENT_COLOR_NAME = AccentColor;
				CODE_SIGN_STYLE = Automatic;
				CURRENT_PROJECT_VERSION = 1;
				DEVELOPMENT_ASSET_PATHS = "\"A_15_Task Management App SwiftData/Preview Content\"";
				DEVELOPMENT_TEAM = 8PVXGGTSPW;
				ENABLE_PREVIEWS = YES;
				GENERATE_INFOPLIST_FILE = YES;
				INFOPLIST_KEY_UIApplicationSceneManifest_Generation = YES;
				INFOPLIST_KEY_UIApplicationSupportsIndirectInputEvents = YES;
				INFOPLIST_KEY_UILaunchScreen_Generation = YES;
				INFOPLIST_KEY_UISupportedInterfaceOrientations_iPad = "UIInterfaceOrientationPortrait UIInterfaceOrientationPortraitUpsideDown UIInterfaceOrientationLandscapeLeft UIInterfaceOrientationLandscapeRight";
				INFOPLIST_KEY_UISupportedInterfaceOrientations_iPhone = "UIInterfaceOrientationPortrait UIInterfaceOrientationLandscapeLeft UIInterfaceOrientationLandscapeRight";
				LD_RUNPATH_SEARCH_PATHS = (
					"$(inherited)",
					"@executable_path/Frameworks",
				);
				MARKETING_VERSION = 1.0;
				PRODUCT_BUNDLE_IDENTIFIER = "com.yonglekeji.A-15-Task-Management-App-SwiftData";
				PRODUCT_NAME = "$(TARGET_NAME)";
				SWIFT_EMIT_LOC_STRINGS = YES;
				SWIFT_VERSION = 5.0;
				TARGETED_DEVICE_FAMILY = "1,2";
			};
			name = Debug;
		};
		ABE0B9A42ACD6D7A002BC05B /* Release */ = {
			isa = XCBuildConfiguration;
			buildSettings = {
				ASSETCATALOG_COMPILER_APPICON_NAME = AppIcon;
				ASSETCATALOG_COMPILER_GLOBAL_ACCENT_COLOR_NAME = AccentColor;
				CODE_SIGN_STYLE = Automatic;
				CURRENT_PROJECT_VERSION = 1;
				DEVELOPMENT_ASSET_PATHS = "\"A_15_Task Management App SwiftData/Preview Content\"";
				DEVELOPMENT_TEAM = 8PVXGGTSPW;
				ENABLE_PREVIEWS = YES;
				GENERATE_INFOPLIST_FILE = YES;
				INFOPLIST_KEY_UIApplicationSceneManifest_Generation = YES;
				INFOPLIST_KEY_UIApplicationSupportsIndirectInputEvents = YES;
				INFOPLIST_KEY_UILaunchScreen_Generation = YES;
				INFOPLIST_KEY_UISupportedInterfaceOrientations_iPad = "UIInterfaceOrientationPortrait UIInterfaceOrientationPortraitUpsideDown UIInterfaceOrientationLandscapeLeft UIInterfaceOrientationLandscapeRight";
				INFOPLIST_KEY_UISupportedInterfaceOrientations_iPhone = "UIInterfaceOrientationPortrait UIInterfaceOrientationLandscapeLeft UIInterfaceOrientationLandscapeRight";
				LD_RUNPATH_SEARCH_PATHS = (
					"$(inherited)",
					"@executable_path/Frameworks",
				);
				MARKETING_VERSION = 1.0;
				PRODUCT_BUNDLE_IDENTIFIER = "com.yonglekeji.A-15-Task-Management-App-SwiftData";
				PRODUCT_NAME = "$(TARGET_NAME)";
				SWIFT_EMIT_LOC_STRINGS = YES;
				SWIFT_VERSION = 5.0;
				TARGETED_DEVICE_FAMILY = "1,2";
			};
			name = Release;
		};
/* End XCBuildConfiguration section */

/* Begin XCConfigurationList section */
		ABE0B98D2ACD6D79002BC05B /* Build configuration list for PBXProject "A_15_Task Management App SwiftData" */ = {
			isa = XCConfigurationList;
			buildConfigurations = (
				ABE0B9A02ACD6D7A002BC05B /* Debug */,
				ABE0B9A12ACD6D7A002BC05B /* Release */,
			);
			defaultConfigurationIsVisible = 0;
			defaultConfigurationName = Release;
		};
		ABE0B9A22ACD6D7A002BC05B /* Build configuration list for PBXNativeTarget "A_15_Task Management App SwiftData" */ = {
			isa = XCConfigurationList;
			buildConfigurations = (
				ABE0B9A32ACD6D7A002BC05B /* Debug */,
				ABE0B9A42ACD6D7A002BC05B /* Release */,
			);
			defaultConfigurationIsVisible = 0;
			defaultConfigurationName = Release;
		};
/* End XCConfigurationList section */
	};
	rootObject = ABE0B98A2ACD6D79002BC05B /* Project object */;
}
